// !$*UTF8*$!
{
	archiveVersion = 1;
	classes = {
	};
	objectVersion = 50;
	objects = {

/* Begin PBXBuildFile section */
		D500503623AC7F9B00EA0C56 /* AppDelegate.swift in Sources */ = {isa = PBXBuildFile; fileRef = D500503523AC7F9B00EA0C56 /* AppDelegate.swift */; };
		D500503823AC7F9B00EA0C56 /* ContentView.swift in Sources */ = {isa = PBXBuildFile; fileRef = D500503723AC7F9B00EA0C56 /* ContentView.swift */; };
		D500503A23AC7F9C00EA0C56 /* Assets.xcassets in Resources */ = {isa = PBXBuildFile; fileRef = D500503923AC7F9C00EA0C56 /* Assets.xcassets */; };
		D500503D23AC7F9C00EA0C56 /* Preview Assets.xcassets in Resources */ = {isa = PBXBuildFile; fileRef = D500503C23AC7F9C00EA0C56 /* Preview Assets.xcassets */; };
		D500504023AC7F9C00EA0C56 /* Main.storyboard in Resources */ = {isa = PBXBuildFile; fileRef = D500503E23AC7F9C00EA0C56 /* Main.storyboard */; };
		D500504C23AC7F9C00EA0C56 /* TriageTests.swift in Sources */ = {isa = PBXBuildFile; fileRef = D500504B23AC7F9C00EA0C56 /* TriageTests.swift */; };
		D500505723AC7F9C00EA0C56 /* TriageUITests.swift in Sources */ = {isa = PBXBuildFile; fileRef = D500505623AC7F9C00EA0C56 /* TriageUITests.swift */; };
/* End PBXBuildFile section */

/* Begin PBXContainerItemProxy section */
		D500504823AC7F9C00EA0C56 /* PBXContainerItemProxy */ = {
			isa = PBXContainerItemProxy;
			containerPortal = D500502A23AC7F9B00EA0C56 /* Project object */;
			proxyType = 1;
			remoteGlobalIDString = D500503123AC7F9B00EA0C56;
			remoteInfo = Triage;
		};
		D500505323AC7F9C00EA0C56 /* PBXContainerItemProxy */ = {
			isa = PBXContainerItemProxy;
			containerPortal = D500502A23AC7F9B00EA0C56 /* Project object */;
			proxyType = 1;
			remoteGlobalIDString = D500503123AC7F9B00EA0C56;
			remoteInfo = Triage;
		};
/* End PBXContainerItemProxy section */

/* Begin PBXFileReference section */
		D500503223AC7F9B00EA0C56 /* Triage.app */ = {isa = PBXFileReference; explicitFileType = wrapper.application; includeInIndex = 0; path = Triage.app; sourceTree = BUILT_PRODUCTS_DIR; };
		D500503523AC7F9B00EA0C56 /* AppDelegate.swift */ = {isa = PBXFileReference; lastKnownFileType = sourcecode.swift; path = AppDelegate.swift; sourceTree = "<group>"; };
		D500503723AC7F9B00EA0C56 /* ContentView.swift */ = {isa = PBXFileReference; lastKnownFileType = sourcecode.swift; path = ContentView.swift; sourceTree = "<group>"; };
		D500503923AC7F9C00EA0C56 /* Assets.xcassets */ = {isa = PBXFileReference; lastKnownFileType = folder.assetcatalog; path = Assets.xcassets; sourceTree = "<group>"; };
		D500503C23AC7F9C00EA0C56 /* Preview Assets.xcassets */ = {isa = PBXFileReference; lastKnownFileType = folder.assetcatalog; path = "Preview Assets.xcassets"; sourceTree = "<group>"; };
		D500503F23AC7F9C00EA0C56 /* Base */ = {isa = PBXFileReference; lastKnownFileType = file.storyboard; name = Base; path = Base.lproj/Main.storyboard; sourceTree = "<group>"; };
		D500504123AC7F9C00EA0C56 /* Info.plist */ = {isa = PBXFileReference; lastKnownFileType = text.plist.xml; path = Info.plist; sourceTree = "<group>"; };
		D500504223AC7F9C00EA0C56 /* Triage.entitlements */ = {isa = PBXFileReference; lastKnownFileType = text.plist.entitlements; path = Triage.entitlements; sourceTree = "<group>"; };
		D500504723AC7F9C00EA0C56 /* TriageTests.xctest */ = {isa = PBXFileReference; explicitFileType = wrapper.cfbundle; includeInIndex = 0; path = TriageTests.xctest; sourceTree = BUILT_PRODUCTS_DIR; };
		D500504B23AC7F9C00EA0C56 /* TriageTests.swift */ = {isa = PBXFileReference; lastKnownFileType = sourcecode.swift; path = TriageTests.swift; sourceTree = "<group>"; };
		D500504D23AC7F9C00EA0C56 /* Info.plist */ = {isa = PBXFileReference; lastKnownFileType = text.plist.xml; path = Info.plist; sourceTree = "<group>"; };
		D500505223AC7F9C00EA0C56 /* TriageUITests.xctest */ = {isa = PBXFileReference; explicitFileType = wrapper.cfbundle; includeInIndex = 0; path = TriageUITests.xctest; sourceTree = BUILT_PRODUCTS_DIR; };
		D500505623AC7F9C00EA0C56 /* TriageUITests.swift */ = {isa = PBXFileReference; lastKnownFileType = sourcecode.swift; path = TriageUITests.swift; sourceTree = "<group>"; };
		D500505823AC7F9C00EA0C56 /* Info.plist */ = {isa = PBXFileReference; lastKnownFileType = text.plist.xml; path = Info.plist; sourceTree = "<group>"; };
/* End PBXFileReference section */

/* Begin PBXFrameworksBuildPhase section */
		D500502F23AC7F9B00EA0C56 /* Frameworks */ = {
			isa = PBXFrameworksBuildPhase;
			buildActionMask = 2147483647;
			files = (
			);
			runOnlyForDeploymentPostprocessing = 0;
		};
		D500504423AC7F9C00EA0C56 /* Frameworks */ = {
			isa = PBXFrameworksBuildPhase;
			buildActionMask = 2147483647;
			files = (
			);
			runOnlyForDeploymentPostprocessing = 0;
		};
		D500504F23AC7F9C00EA0C56 /* Frameworks */ = {
			isa = PBXFrameworksBuildPhase;
			buildActionMask = 2147483647;
			files = (
			);
			runOnlyForDeploymentPostprocessing = 0;
		};
/* End PBXFrameworksBuildPhase section */

/* Begin PBXGroup section */
		D500502923AC7F9B00EA0C56 = {
			isa = PBXGroup;
			children = (
				D500503423AC7F9B00EA0C56 /* Triage */,
				D500504A23AC7F9C00EA0C56 /* TriageTests */,
				D500505523AC7F9C00EA0C56 /* TriageUITests */,
				D500503323AC7F9B00EA0C56 /* Products */,
			);
			sourceTree = "<group>";
		};
		D500503323AC7F9B00EA0C56 /* Products */ = {
			isa = PBXGroup;
			children = (
				D500503223AC7F9B00EA0C56 /* Triage.app */,
				D500504723AC7F9C00EA0C56 /* TriageTests.xctest */,
				D500505223AC7F9C00EA0C56 /* TriageUITests.xctest */,
			);
			name = Products;
			sourceTree = "<group>";
		};
		D500503423AC7F9B00EA0C56 /* Triage */ = {
			isa = PBXGroup;
			children = (
				D500503523AC7F9B00EA0C56 /* AppDelegate.swift */,
				D500503723AC7F9B00EA0C56 /* ContentView.swift */,
				D500503923AC7F9C00EA0C56 /* Assets.xcassets */,
				D500503E23AC7F9C00EA0C56 /* Main.storyboard */,
				D500504123AC7F9C00EA0C56 /* Info.plist */,
				D500504223AC7F9C00EA0C56 /* Triage.entitlements */,
				D500503B23AC7F9C00EA0C56 /* Preview Content */,
			);
			path = Triage;
			sourceTree = "<group>";
		};
		D500503B23AC7F9C00EA0C56 /* Preview Content */ = {
			isa = PBXGroup;
			children = (
				D500503C23AC7F9C00EA0C56 /* Preview Assets.xcassets */,
			);
			path = "Preview Content";
			sourceTree = "<group>";
		};
		D500504A23AC7F9C00EA0C56 /* TriageTests */ = {
			isa = PBXGroup;
			children = (
				D500504B23AC7F9C00EA0C56 /* TriageTests.swift */,
				D500504D23AC7F9C00EA0C56 /* Info.plist */,
			);
			path = TriageTests;
			sourceTree = "<group>";
		};
		D500505523AC7F9C00EA0C56 /* TriageUITests */ = {
			isa = PBXGroup;
			children = (
				D500505623AC7F9C00EA0C56 /* TriageUITests.swift */,
				D500505823AC7F9C00EA0C56 /* Info.plist */,
			);
			path = TriageUITests;
			sourceTree = "<group>";
		};
/* End PBXGroup section */

/* Begin PBXNativeTarget section */
		D500503123AC7F9B00EA0C56 /* Triage */ = {
			isa = PBXNativeTarget;
			buildConfigurationList = D500505B23AC7F9C00EA0C56 /* Build configuration list for PBXNativeTarget "Triage" */;
			buildPhases = (
				D500502E23AC7F9B00EA0C56 /* Sources */,
				D500502F23AC7F9B00EA0C56 /* Frameworks */,
				D500503023AC7F9B00EA0C56 /* Resources */,
			);
			buildRules = (
			);
			dependencies = (
			);
			name = Triage;
			productName = Triage;
			productReference = D500503223AC7F9B00EA0C56 /* Triage.app */;
			productType = "com.apple.product-type.application";
		};
		D500504623AC7F9C00EA0C56 /* TriageTests */ = {
			isa = PBXNativeTarget;
			buildConfigurationList = D500505E23AC7F9C00EA0C56 /* Build configuration list for PBXNativeTarget "TriageTests" */;
			buildPhases = (
				D500504323AC7F9C00EA0C56 /* Sources */,
				D500504423AC7F9C00EA0C56 /* Frameworks */,
				D500504523AC7F9C00EA0C56 /* Resources */,
			);
			buildRules = (
			);
			dependencies = (
				D500504923AC7F9C00EA0C56 /* PBXTargetDependency */,
			);
			name = TriageTests;
			productName = TriageTests;
			productReference = D500504723AC7F9C00EA0C56 /* TriageTests.xctest */;
			productType = "com.apple.product-type.bundle.unit-test";
		};
		D500505123AC7F9C00EA0C56 /* TriageUITests */ = {
			isa = PBXNativeTarget;
			buildConfigurationList = D500506123AC7F9C00EA0C56 /* Build configuration list for PBXNativeTarget "TriageUITests" */;
			buildPhases = (
				D500504E23AC7F9C00EA0C56 /* Sources */,
				D500504F23AC7F9C00EA0C56 /* Frameworks */,
				D500505023AC7F9C00EA0C56 /* Resources */,
			);
			buildRules = (
			);
			dependencies = (
				D500505423AC7F9C00EA0C56 /* PBXTargetDependency */,
			);
			name = TriageUITests;
			productName = TriageUITests;
			productReference = D500505223AC7F9C00EA0C56 /* TriageUITests.xctest */;
			productType = "com.apple.product-type.bundle.ui-testing";
		};
/* End PBXNativeTarget section */

/* Begin PBXProject section */
		D500502A23AC7F9B00EA0C56 /* Project object */ = {
			isa = PBXProject;
			attributes = {
				LastSwiftUpdateCheck = 1130;
				LastUpgradeCheck = 1130;
				ORGANIZATIONNAME = "Jeff Boek";
				TargetAttributes = {
					D500503123AC7F9B00EA0C56 = {
						CreatedOnToolsVersion = 11.3;
					};
					D500504623AC7F9C00EA0C56 = {
						CreatedOnToolsVersion = 11.3;
						TestTargetID = D500503123AC7F9B00EA0C56;
					};
					D500505123AC7F9C00EA0C56 = {
						CreatedOnToolsVersion = 11.3;
						TestTargetID = D500503123AC7F9B00EA0C56;
					};
				};
			};
			buildConfigurationList = D500502D23AC7F9B00EA0C56 /* Build configuration list for PBXProject "Triage" */;
			compatibilityVersion = "Xcode 9.3";
			developmentRegion = en;
			hasScannedForEncodings = 0;
			knownRegions = (
				en,
				Base,
			);
			mainGroup = D500502923AC7F9B00EA0C56;
			productRefGroup = D500503323AC7F9B00EA0C56 /* Products */;
			projectDirPath = "";
			projectRoot = "";
			targets = (
				D500503123AC7F9B00EA0C56 /* Triage */,
				D500504623AC7F9C00EA0C56 /* TriageTests */,
				D500505123AC7F9C00EA0C56 /* TriageUITests */,
			);
		};
/* End PBXProject section */

/* Begin PBXResourcesBuildPhase section */
		D500503023AC7F9B00EA0C56 /* Resources */ = {
			isa = PBXResourcesBuildPhase;
			buildActionMask = 2147483647;
			files = (
				D500504023AC7F9C00EA0C56 /* Main.storyboard in Resources */,
				D500503D23AC7F9C00EA0C56 /* Preview Assets.xcassets in Resources */,
				D500503A23AC7F9C00EA0C56 /* Assets.xcassets in Resources */,
			);
			runOnlyForDeploymentPostprocessing = 0;
		};
		D500504523AC7F9C00EA0C56 /* Resources */ = {
			isa = PBXResourcesBuildPhase;
			buildActionMask = 2147483647;
			files = (
			);
			runOnlyForDeploymentPostprocessing = 0;
		};
		D500505023AC7F9C00EA0C56 /* Resources */ = {
			isa = PBXResourcesBuildPhase;
			buildActionMask = 2147483647;
			files = (
			);
			runOnlyForDeploymentPostprocessing = 0;
		};
/* End PBXResourcesBuildPhase section */

/* Begin PBXSourcesBuildPhase section */
		D500502E23AC7F9B00EA0C56 /* Sources */ = {
			isa = PBXSourcesBuildPhase;
			buildActionMask = 2147483647;
			files = (
				D500503823AC7F9B00EA0C56 /* ContentView.swift in Sources */,
				D500503623AC7F9B00EA0C56 /* AppDelegate.swift in Sources */,
			);
			runOnlyForDeploymentPostprocessing = 0;
		};
		D500504323AC7F9C00EA0C56 /* Sources */ = {
			isa = PBXSourcesBuildPhase;
			buildActionMask = 2147483647;
			files = (
				D500504C23AC7F9C00EA0C56 /* TriageTests.swift in Sources */,
			);
			runOnlyForDeploymentPostprocessing = 0;
		};
		D500504E23AC7F9C00EA0C56 /* Sources */ = {
			isa = PBXSourcesBuildPhase;
			buildActionMask = 2147483647;
			files = (
				D500505723AC7F9C00EA0C56 /* TriageUITests.swift in Sources */,
			);
			runOnlyForDeploymentPostprocessing = 0;
		};
/* End PBXSourcesBuildPhase section */

/* Begin PBXTargetDependency section */
		D500504923AC7F9C00EA0C56 /* PBXTargetDependency */ = {
			isa = PBXTargetDependency;
			target = D500503123AC7F9B00EA0C56 /* Triage */;
			targetProxy = D500504823AC7F9C00EA0C56 /* PBXContainerItemProxy */;
		};
		D500505423AC7F9C00EA0C56 /* PBXTargetDependency */ = {
			isa = PBXTargetDependency;
			target = D500503123AC7F9B00EA0C56 /* Triage */;
			targetProxy = D500505323AC7F9C00EA0C56 /* PBXContainerItemProxy */;
		};
/* End PBXTargetDependency section */

/* Begin PBXVariantGroup section */
		D500503E23AC7F9C00EA0C56 /* Main.storyboard */ = {
			isa = PBXVariantGroup;
			children = (
				D500503F23AC7F9C00EA0C56 /* Base */,
			);
			name = Main.storyboard;
			sourceTree = "<group>";
		};
/* End PBXVariantGroup section */

/* Begin XCBuildConfiguration section */
		D500505923AC7F9C00EA0C56 /* Debug */ = {
			isa = XCBuildConfiguration;
			buildSettings = {
				ALWAYS_SEARCH_USER_PATHS = NO;
				CLANG_ANALYZER_NONNULL = YES;
				CLANG_ANALYZER_NUMBER_OBJECT_CONVERSION = YES_AGGRESSIVE;
				CLANG_CXX_LANGUAGE_STANDARD = "gnu++14";
				CLANG_CXX_LIBRARY = "libc++";
				CLANG_ENABLE_MODULES = YES;
				CLANG_ENABLE_OBJC_ARC = YES;
				CLANG_ENABLE_OBJC_WEAK = YES;
				CLANG_WARN_BLOCK_CAPTURE_AUTORELEASING = YES;
				CLANG_WARN_BOOL_CONVERSION = YES;
				CLANG_WARN_COMMA = YES;
				CLANG_WARN_CONSTANT_CONVERSION = YES;
				CLANG_WARN_DEPRECATED_OBJC_IMPLEMENTATIONS = YES;
				CLANG_WARN_DIRECT_OBJC_ISA_USAGE = YES_ERROR;
				CLANG_WARN_DOCUMENTATION_COMMENTS = YES;
				CLANG_WARN_EMPTY_BODY = YES;
				CLANG_WARN_ENUM_CONVERSION = YES;
				CLANG_WARN_INFINITE_RECURSION = YES;
				CLANG_WARN_INT_CONVERSION = YES;
				CLANG_WARN_NON_LITERAL_NULL_CONVERSION = YES;
				CLANG_WARN_OBJC_IMPLICIT_RETAIN_SELF = YES;
				CLANG_WARN_OBJC_LITERAL_CONVERSION = YES;
				CLANG_WARN_OBJC_ROOT_CLASS = YES_ERROR;
				CLANG_WARN_RANGE_LOOP_ANALYSIS = YES;
				CLANG_WARN_STRICT_PROTOTYPES = YES;
				CLANG_WARN_SUSPICIOUS_MOVE = YES;
				CLANG_WARN_UNGUARDED_AVAILABILITY = YES_AGGRESSIVE;
				CLANG_WARN_UNREACHABLE_CODE = YES;
				CLANG_WARN__DUPLICATE_METHOD_MATCH = YES;
				COPY_PHASE_STRIP = NO;
				DEBUG_INFORMATION_FORMAT = dwarf;
				ENABLE_STRICT_OBJC_MSGSEND = YES;
				ENABLE_TESTABILITY = YES;
				GCC_C_LANGUAGE_STANDARD = gnu11;
				GCC_DYNAMIC_NO_PIC = NO;
				GCC_NO_COMMON_BLOCKS = YES;
				GCC_OPTIMIZATION_LEVEL = 0;
				GCC_PREPROCESSOR_DEFINITIONS = (
					"DEBUG=1",
					"$(inherited)",
				);
				GCC_WARN_64_TO_32_BIT_CONVERSION = YES;
				GCC_WARN_ABOUT_RETURN_TYPE = YES_ERROR;
				GCC_WARN_UNDECLARED_SELECTOR = YES;
				GCC_WARN_UNINITIALIZED_AUTOS = YES_AGGRESSIVE;
				GCC_WARN_UNUSED_FUNCTION = YES;
				GCC_WARN_UNUSED_VARIABLE = YES;
				MACOSX_DEPLOYMENT_TARGET = 10.15;
				MTL_ENABLE_DEBUG_INFO = INCLUDE_SOURCE;
				MTL_FAST_MATH = YES;
				ONLY_ACTIVE_ARCH = YES;
				SDKROOT = macosx;
				SWIFT_ACTIVE_COMPILATION_CONDITIONS = DEBUG;
				SWIFT_OPTIMIZATION_LEVEL = "-Onone";
			};
			name = Debug;
		};
		D500505A23AC7F9C00EA0C56 /* Release */ = {
			isa = XCBuildConfiguration;
			buildSettings = {
				ALWAYS_SEARCH_USER_PATHS = NO;
				CLANG_ANALYZER_NONNULL = YES;
				CLANG_ANALYZER_NUMBER_OBJECT_CONVERSION = YES_AGGRESSIVE;
				CLANG_CXX_LANGUAGE_STANDARD = "gnu++14";
				CLANG_CXX_LIBRARY = "libc++";
				CLANG_ENABLE_MODULES = YES;
				CLANG_ENABLE_OBJC_ARC = YES;
				CLANG_ENABLE_OBJC_WEAK = YES;
				CLANG_WARN_BLOCK_CAPTURE_AUTORELEASING = YES;
				CLANG_WARN_BOOL_CONVERSION = YES;
				CLANG_WARN_COMMA = YES;
				CLANG_WARN_CONSTANT_CONVERSION = YES;
				CLANG_WARN_DEPRECATED_OBJC_IMPLEMENTATIONS = YES;
				CLANG_WARN_DIRECT_OBJC_ISA_USAGE = YES_ERROR;
				CLANG_WARN_DOCUMENTATION_COMMENTS = YES;
				CLANG_WARN_EMPTY_BODY = YES;
				CLANG_WARN_ENUM_CONVERSION = YES;
				CLANG_WARN_INFINITE_RECURSION = YES;
				CLANG_WARN_INT_CONVERSION = YES;
				CLANG_WARN_NON_LITERAL_NULL_CONVERSION = YES;
				CLANG_WARN_OBJC_IMPLICIT_RETAIN_SELF = YES;
				CLANG_WARN_OBJC_LITERAL_CONVERSION = YES;
				CLANG_WARN_OBJC_ROOT_CLASS = YES_ERROR;
				CLANG_WARN_RANGE_LOOP_ANALYSIS = YES;
				CLANG_WARN_STRICT_PROTOTYPES = YES;
				CLANG_WARN_SUSPICIOUS_MOVE = YES;
				CLANG_WARN_UNGUARDED_AVAILABILITY = YES_AGGRESSIVE;
				CLANG_WARN_UNREACHABLE_CODE = YES;
				CLANG_WARN__DUPLICATE_METHOD_MATCH = YES;
				COPY_PHASE_STRIP = NO;
				DEBUG_INFORMATION_FORMAT = "dwarf-with-dsym";
				ENABLE_NS_ASSERTIONS = NO;
				ENABLE_STRICT_OBJC_MSGSEND = YES;
				GCC_C_LANGUAGE_STANDARD = gnu11;
				GCC_NO_COMMON_BLOCKS = YES;
				GCC_WARN_64_TO_32_BIT_CONVERSION = YES;
				GCC_WARN_ABOUT_RETURN_TYPE = YES_ERROR;
				GCC_WARN_UNDECLARED_SELECTOR = YES;
				GCC_WARN_UNINITIALIZED_AUTOS = YES_AGGRESSIVE;
				GCC_WARN_UNUSED_FUNCTION = YES;
				GCC_WARN_UNUSED_VARIABLE = YES;
				MACOSX_DEPLOYMENT_TARGET = 10.15;
				MTL_ENABLE_DEBUG_INFO = NO;
				MTL_FAST_MATH = YES;
				SDKROOT = macosx;
				SWIFT_COMPILATION_MODE = wholemodule;
				SWIFT_OPTIMIZATION_LEVEL = "-O";
			};
			name = Release;
		};
		D500505C23AC7F9C00EA0C56 /* Debug */ = {
			isa = XCBuildConfiguration;
			buildSettings = {
				ASSETCATALOG_COMPILER_APPICON_NAME = AppIcon;
				CODE_SIGN_ENTITLEMENTS = Triage/Triage.entitlements;
				CODE_SIGN_STYLE = Automatic;
				COMBINE_HIDPI_IMAGES = YES;
				DEVELOPMENT_ASSET_PATHS = "\"Triage/Preview Content\"";
				DEVELOPMENT_TEAM = Z88RVG5KD9;
				ENABLE_HARDENED_RUNTIME = YES;
				ENABLE_PREVIEWS = YES;
				INFOPLIST_FILE = Triage/Info.plist;
				LD_RUNPATH_SEARCH_PATHS = (
					"$(inherited)",
					"@executable_path/../Frameworks",
				);
				MACOSX_DEPLOYMENT_TARGET = 10.15;
				PRODUCT_BUNDLE_IDENTIFIER = com.bitsnmilk.Triage;
				PRODUCT_NAME = "$(TARGET_NAME)";
				SWIFT_VERSION = 5.0;
			};
			name = Debug;
		};
		D500505D23AC7F9C00EA0C56 /* Release */ = {
			isa = XCBuildConfiguration;
			buildSettings = {
				ASSETCATALOG_COMPILER_APPICON_NAME = AppIcon;
				CODE_SIGN_ENTITLEMENTS = Triage/Triage.entitlements;
				CODE_SIGN_STYLE = Automatic;
				COMBINE_HIDPI_IMAGES = YES;
				DEVELOPMENT_ASSET_PATHS = "\"Triage/Preview Content\"";
				DEVELOPMENT_TEAM = Z88RVG5KD9;
				ENABLE_HARDENED_RUNTIME = YES;
				ENABLE_PREVIEWS = YES;
				INFOPLIST_FILE = Triage/Info.plist;
				LD_RUNPATH_SEARCH_PATHS = (
					"$(inherited)",
					"@executable_path/../Frameworks",
				);
				MACOSX_DEPLOYMENT_TARGET = 10.15;
				PRODUCT_BUNDLE_IDENTIFIER = com.bitsnmilk.Triage;
				PRODUCT_NAME = "$(TARGET_NAME)";
				SWIFT_VERSION = 5.0;
			};
			name = Release;
		};
		D500505F23AC7F9C00EA0C56 /* Debug */ = {
			isa = XCBuildConfiguration;
			buildSettings = {
				ALWAYS_EMBED_SWIFT_STANDARD_LIBRARIES = YES;
				BUNDLE_LOADER = "$(TEST_HOST)";
				CODE_SIGN_STYLE = Automatic;
				COMBINE_HIDPI_IMAGES = YES;
				DEVELOPMENT_TEAM = Z88RVG5KD9;
				INFOPLIST_FILE = TriageTests/Info.plist;
				LD_RUNPATH_SEARCH_PATHS = (
					"$(inherited)",
					"@executable_path/../Frameworks",
					"@loader_path/../Frameworks",
				);
				MACOSX_DEPLOYMENT_TARGET = 10.15;
				PRODUCT_BUNDLE_IDENTIFIER = com.bitsnmilk.TriageTests;
				PRODUCT_NAME = "$(TARGET_NAME)";
				SWIFT_VERSION = 5.0;
				TEST_HOST = "$(BUILT_PRODUCTS_DIR)/Triage.app/Contents/MacOS/Triage";
			};
			name = Debug;
		};
		D500506023AC7F9C00EA0C56 /* Release */ = {
			isa = XCBuildConfiguration;
			buildSettings = {
				ALWAYS_EMBED_SWIFT_STANDARD_LIBRARIES = YES;
				BUNDLE_LOADER = "$(TEST_HOST)";
				CODE_SIGN_STYLE = Automatic;
				COMBINE_HIDPI_IMAGES = YES;
				DEVELOPMENT_TEAM = Z88RVG5KD9;
				INFOPLIST_FILE = TriageTests/Info.plist;
				LD_RUNPATH_SEARCH_PATHS = (
					"$(inherited)",
					"@executable_path/../Frameworks",
					"@loader_path/../Frameworks",
				);
				MACOSX_DEPLOYMENT_TARGET = 10.15;
				PRODUCT_BUNDLE_IDENTIFIER = com.bitsnmilk.TriageTests;
				PRODUCT_NAME = "$(TARGET_NAME)";
				SWIFT_VERSION = 5.0;
				TEST_HOST = "$(BUILT_PRODUCTS_DIR)/Triage.app/Contents/MacOS/Triage";
			};
			name = Release;
		};
		D500506223AC7F9C00EA0C56 /* Debug */ = {
			isa = XCBuildConfiguration;
			buildSettings = {
				ALWAYS_EMBED_SWIFT_STANDARD_LIBRARIES = YES;
				CODE_SIGN_STYLE = Automatic;
				COMBINE_HIDPI_IMAGES = YES;
				DEVELOPMENT_TEAM = Z88RVG5KD9;
				INFOPLIST_FILE = TriageUITests/Info.plist;
				LD_RUNPATH_SEARCH_PATHS = (
					"$(inherited)",
					"@executable_path/../Frameworks",
					"@loader_path/../Frameworks",
				);
				PRODUCT_BUNDLE_IDENTIFIER = com.bitsnmilk.TriageUITests;
				PRODUCT_NAME = "$(TARGET_NAME)";
				SWIFT_VERSION = 5.0;
				TEST_TARGET_NAME = Triage;
			};
			name = Debug;
		};
		D500506323AC7F9C00EA0C56 /* Release */ = {
			isa = XCBuildConfiguration;
			buildSettings = {
				ALWAYS_EMBED_SWIFT_STANDARD_LIBRARIES = YES;
				CODE_SIGN_STYLE = Automatic;
				COMBINE_HIDPI_IMAGES = YES;
				DEVELOPMENT_TEAM = Z88RVG5KD9;
				INFOPLIST_FILE = TriageUITests/Info.plist;
				LD_RUNPATH_SEARCH_PATHS = (
					"$(inherited)",
					"@executable_path/../Frameworks",
					"@loader_path/../Frameworks",
				);
				PRODUCT_BUNDLE_IDENTIFIER = com.bitsnmilk.TriageUITests;
				PRODUCT_NAME = "$(TARGET_NAME)";
				SWIFT_VERSION = 5.0;
				TEST_TARGET_NAME = Triage;
			};
			name = Release;
		};
/* End XCBuildConfiguration section */

/* Begin XCConfigurationList section */
		D500502D23AC7F9B00EA0C56 /* Build configuration list for PBXProject "Triage" */ = {
			isa = XCConfigurationList;
			buildConfigurations = (
				D500505923AC7F9C00EA0C56 /* Debug */,
				D500505A23AC7F9C00EA0C56 /* Release */,
			);
			defaultConfigurationIsVisible = 0;
			defaultConfigurationName = Release;
		};
		D500505B23AC7F9C00EA0C56 /* Build configuration list for PBXNativeTarget "Triage" */ = {
			isa = XCConfigurationList;
			buildConfigurations = (
				D500505C23AC7F9C00EA0C56 /* Debug */,
				D500505D23AC7F9C00EA0C56 /* Release */,
			);
			defaultConfigurationIsVisible = 0;
			defaultConfigurationName = Release;
		};
		D500505E23AC7F9C00EA0C56 /* Build configuration list for PBXNativeTarget "TriageTests" */ = {
			isa = XCConfigurationList;
			buildConfigurations = (
				D500505F23AC7F9C00EA0C56 /* Debug */,
				D500506023AC7F9C00EA0C56 /* Release */,
			);
			defaultConfigurationIsVisible = 0;
			defaultConfigurationName = Release;
		};
		D500506123AC7F9C00EA0C56 /* Build configuration list for PBXNativeTarget "TriageUITests" */ = {
			isa = XCConfigurationList;
			buildConfigurations = (
				D500506223AC7F9C00EA0C56 /* Debug */,
				D500506323AC7F9C00EA0C56 /* Release */,
			);
			defaultConfigurationIsVisible = 0;
			defaultConfigurationName = Release;
		};
/* End XCConfigurationList section */
	};
	rootObject = D500502A23AC7F9B00EA0C56 /* Project object */;
}
